<Solution>
  <Folder Name="/docs/">
    <File Path="docs\ARCHITECTURE.md" />
    <File Path="docs\PRD.md" />
    <File Path="docs\TASKS.md" />
  </Folder>
  <Folder Name="/specs/" />
  <Folder Name="/specs/ci-pipeline/">
    <File Path="specs\ci-pipeline\PLAN.md" />
    <File Path="specs\ci-pipeline\SPEC.md" />
    <File Path="specs\ci-pipeline\TASKS.md" />
  </Folder>
  <Folder Name="/specs/dark-cartoon-theme/">
    <File Path="specs\dark-cartoon-theme\PLAN.md" />
    <File Path="specs\dark-cartoon-theme\SPEC.md" />
    <File Path="specs\dark-cartoon-theme\TASKS.md" />
  </Folder>
  <Folder Name="/specs/gemini-migration/">
    <File Path="specs\gemini-migration\PLAN.md" />
    <File Path="specs\gemini-migration\SPEC.md" />
    <File Path="specs\gemini-migration\TASKS.md" />
  </Folder>
  <Folder Name="/specs/structured-travel-plan/">
    <File Path="specs\structured-travel-plan\PLAN.md" />
    <File Path="specs\structured-travel-plan\SPEC.md" />
    <File Path="specs\structured-travel-plan\TASKS.md" />
  </Folder>
  <Folder Name="/specs/tailwind-css-integration/" />
  <Folder Name="/src/">
    <Project Path="src/ATP.Web/ATP.Web.csproj" />
  </Folder>
  <Folder Name="/tests/">
    <Project Path="tests/ATP.Web.Tests/ATP.Web.Tests.csproj" />
  </Folder>
</Solution>
